
Microsoft Visual Studio Solution File, Format Version 12.00
# Visual Studio Version 17
VisualStudioVersion = 17.9.34616.47
MinimumVisualStudioVersion = 10.0.40219.1
Project("{FAE04EC0-301F-11D3-BF4B-00C04F79EFBC}") = "AccesoDatos", "AccesoDatos\AccesoDatos.csproj", "{B6E76A9A-1CE5-43D5-9ECD-6CF57162FDCA}"
EndProject
Project("{FAE04EC0-301F-11D3-BF4B-00C04F79EFBC}") = "Datos", "Datos\Datos.csproj", "{6693D1D4-F9A2-4359-988B-FAF7D6A32421}"
EndProject
Project("{FAE04EC0-301F-11D3-BF4B-00C04F79EFBC}") = "Negocio", "Negocio\Negocio.csproj", "{52F68B23-120B-4D1C-B700-440AA13455C6}"
EndProject
Project("{FAE04EC0-301F-11D3-BF4B-00C04F79EFBC}") = "ApiREST", "ApiREST\ApiREST.csproj", "{53463B27-0F2A-46C5-BF05-5CAE38127B58}"
EndProject
Global
	GlobalSection(SolutionConfigurationPlatforms) = preSolution
		Debug|Any CPU = Debug|Any CPU
		Release|Any CPU = Release|Any CPU
	EndGlobalSection
	GlobalSection(ProjectConfigurationPlatforms) = postSolution
		{B6E76A9A-1CE5-43D5-9ECD-6CF57162FDCA}.Debug|Any CPU.ActiveCfg = Debug|Any CPU
		{B6E76A9A-1CE5-43D5-9ECD-6CF57162FDCA}.Debug|Any CPU.Build.0 = Debug|Any CPU
		{B6E76A9A-1CE5-43D5-9ECD-6CF57162FDCA}.Release|Any CPU.ActiveCfg = Release|Any CPU
		{B6E76A9A-1CE5-43D5-9ECD-6CF57162FDCA}.Release|Any CPU.Build.0 = Release|Any CPU
		{6693D1D4-F9A2-4359-988B-FAF7D6A32421}.Debug|Any CPU.ActiveCfg = Debug|Any CPU
		{6693D1D4-F9A2-4359-988B-FAF7D6A32421}.Debug|Any CPU.Build.0 = Debug|Any CPU
		{6693D1D4-F9A2-4359-988B-FAF7D6A32421}.Release|Any CPU.ActiveCfg = Release|Any CPU
		{6693D1D4-F9A2-4359-988B-FAF7D6A32421}.Release|Any CPU.Build.0 = Release|Any CPU
		{52F68B23-120B-4D1C-B700-440AA13455C6}.Debug|Any CPU.ActiveCfg = Debug|Any CPU
		{52F68B23-120B-4D1C-B700-440AA13455C6}.Debug|Any CPU.Build.0 = Debug|Any CPU
		{52F68B23-120B-4D1C-B700-440AA13455C6}.Release|Any CPU.ActiveCfg = Release|Any CPU
		{52F68B23-120B-4D1C-B700-440AA13455C6}.Release|Any CPU.Build.0 = Release|Any CPU
		{53463B27-0F2A-46C5-BF05-5CAE38127B58}.Debug|Any CPU.ActiveCfg = Debug|Any CPU
		{53463B27-0F2A-46C5-BF05-5CAE38127B58}.Debug|Any CPU.Build.0 = Debug|Any CPU
		{53463B27-0F2A-46C5-BF05-5CAE38127B58}.Release|Any CPU.ActiveCfg = Release|Any CPU
		{53463B27-0F2A-46C5-BF05-5CAE38127B58}.Release|Any CPU.Build.0 = Release|Any CPU
	EndGlobalSection
	GlobalSection(SolutionProperties) = preSolution
		HideSolutionNode = FALSE
	EndGlobalSection
	GlobalSection(ExtensibilityGlobals) = postSolution
		SolutionGuid = {0C85D23D-16F6-4699-8B5A-FDDC270BC305}
	EndGlobalSection
EndGlobal
